
Microsoft Visual Studio Solution File, Format Version 12.00
# Visual Studio Version 17
VisualStudioVersion = 17.14.36301.6
MinimumVisualStudioVersion = 10.0.40219.1
Project("{FAE04EC0-301F-11D3-BF4B-00C04F79EFBC}") = "umind_manager", "umind_manager\umind_manager.csproj", "{5C67548B-9B31-4873-89C2-BF69FDD4A67A}"
EndProject
Global
	GlobalSection(SolutionConfigurationPlatforms) = preSolution
		Debug|Any CPU = Debug|Any CPU
		Release|Any CPU = Release|Any CPU
	EndGlobalSection
	GlobalSection(ProjectConfigurationPlatforms) = postSolution
		{5C67548B-9B31-4873-89C2-BF69FDD4A67A}.Debug|Any CPU.ActiveCfg = Debug|Any CPU
		{5C67548B-9B31-4873-89C2-BF69FDD4A67A}.Debug|Any CPU.Build.0 = Debug|Any CPU
		{5C67548B-9B31-4873-89C2-BF69FDD4A67A}.Release|Any CPU.ActiveCfg = Release|Any CPU
		{5C67548B-9B31-4873-89C2-BF69FDD4A67A}.Release|Any CPU.Build.0 = Release|Any CPU
	EndGlobalSection
	GlobalSection(SolutionProperties) = preSolution
		HideSolutionNode = FALSE
	EndGlobalSection
	GlobalSection(ExtensibilityGlobals) = postSolution
		SolutionGuid = {FD57F030-5541-4865-A98C-6E82C5A45657}
	EndGlobalSection
EndGlobal
